
Microsoft Visual Studio Solution File, Format Version 12.00
# Visual Studio 15
VisualStudioVersion = 15.0.28307.1321
MinimumVisualStudioVersion = 10.0.40219.1
Project("{FAE04EC0-301F-11D3-BF4B-00C04F79EFBC}") = "WindowsFormsApp1", "WindowsFormsApp1\WindowsFormsApp1.csproj", "{628C5DB8-FF14-4787-9314-0B2BD75ED246}"
EndProject
Project("{FAE04EC0-301F-11D3-BF4B-00C04F79EFBC}") = "ShapesInterface", "ShapesInterface\ShapesInterface.csproj", "{160DB9D7-FAB6-4BFE-B77B-51FF1E6925FD}"
EndProject
Project("{FAE04EC0-301F-11D3-BF4B-00C04F79EFBC}") = "Trapezee", "Trapezee\Trapezee.csproj", "{87BB9283-A581-4ED8-BC50-37C53FF7C937}"
EndProject
Global
	GlobalSection(SolutionConfigurationPlatforms) = preSolution
		Debug|Any CPU = Debug|Any CPU
		Release|Any CPU = Release|Any CPU
	EndGlobalSection
	GlobalSection(ProjectConfigurationPlatforms) = postSolution
		{628C5DB8-FF14-4787-9314-0B2BD75ED246}.Debug|Any CPU.ActiveCfg = Debug|Any CPU
		{628C5DB8-FF14-4787-9314-0B2BD75ED246}.Debug|Any CPU.Build.0 = Debug|Any CPU
		{628C5DB8-FF14-4787-9314-0B2BD75ED246}.Release|Any CPU.ActiveCfg = Release|Any CPU
		{628C5DB8-FF14-4787-9314-0B2BD75ED246}.Release|Any CPU.Build.0 = Release|Any CPU
		{160DB9D7-FAB6-4BFE-B77B-51FF1E6925FD}.Debug|Any CPU.ActiveCfg = Debug|Any CPU
		{160DB9D7-FAB6-4BFE-B77B-51FF1E6925FD}.Debug|Any CPU.Build.0 = Debug|Any CPU
		{160DB9D7-FAB6-4BFE-B77B-51FF1E6925FD}.Release|Any CPU.ActiveCfg = Release|Any CPU
		{160DB9D7-FAB6-4BFE-B77B-51FF1E6925FD}.Release|Any CPU.Build.0 = Release|Any CPU
		{87BB9283-A581-4ED8-BC50-37C53FF7C937}.Debug|Any CPU.ActiveCfg = Debug|Any CPU
		{87BB9283-A581-4ED8-BC50-37C53FF7C937}.Debug|Any CPU.Build.0 = Debug|Any CPU
		{87BB9283-A581-4ED8-BC50-37C53FF7C937}.Release|Any CPU.ActiveCfg = Release|Any CPU
		{87BB9283-A581-4ED8-BC50-37C53FF7C937}.Release|Any CPU.Build.0 = Release|Any CPU
	EndGlobalSection
	GlobalSection(SolutionProperties) = preSolution
		HideSolutionNode = FALSE
	EndGlobalSection
	GlobalSection(ExtensibilityGlobals) = postSolution
		SolutionGuid = {FD9DE59B-B357-4C52-BEEE-B9614C95CEB6}
	EndGlobalSection
EndGlobal
